
Microsoft Visual Studio Solution File, Format Version 12.00
# Visual Studio Version 17
VisualStudioVersion = 17.3.32819.101
MinimumVisualStudioVersion = 10.0.40219.1
Project("{9A19103F-16F7-4668-BE54-9A1E7A4F7556}") = "GriffonCMS.Application", "GriffonCMS\Business\GriffonCMS.Application\GriffonCMS.Application.csproj", "{F9C9028B-1B37-4D7E-9455-20C866875548}"
EndProject
Project("{9A19103F-16F7-4668-BE54-9A1E7A4F7556}") = "GriffonCMS.Domain", "GriffonCMS\Business\GriffonCMS.Domain\GriffonCMS.Domain.csproj", "{C0A163EF-3EF6-4369-B1D9-8CC418DD8C7A}"
EndProject
Project("{9A19103F-16F7-4668-BE54-9A1E7A4F7556}") = "GriffonCMS.Infrastructure", "GriffonCMS\Business\GriffonCMS.Infrastructure\GriffonCMS.Infrastructure.csproj", "{E6B95925-7FFF-4F78-9DBA-9E28B3A5442C}"
EndProject
Project("{9A19103F-16F7-4668-BE54-9A1E7A4F7556}") = "GriffonCMS.WebUI", "GriffonCMS\Presentation\GriffonCMS.WebUI\GriffonCMS.WebUI.csproj", "{C8E84A07-64B6-47ED-9946-2FEB374D3F5A}"
EndProject
Project("{9A19103F-16F7-4668-BE54-9A1E7A4F7556}") = "GriffonCMS.Application.UnitTest", "GriffonCMS\Tests\GriffonCMS.Application.UnitTest\GriffonCMS.Application.UnitTest.csproj", "{2A4F6FE3-C0B5-49A0-984B-A92CE5E5441B}"
EndProject
Project("{9A19103F-16F7-4668-BE54-9A1E7A4F7556}") = "GriffonCMS.Domain.UnitTest", "GriffonCMS\Tests\GriffonCMS.Domain.UnitTest\GriffonCMS.Domain.UnitTest.csproj", "{12A37780-1D0C-4546-9F36-06F2BD01E54C}"
EndProject
Project("{9A19103F-16F7-4668-BE54-9A1E7A4F7556}") = "GriffonCMS.Infrastructure.UnitTest", "GriffonCMS\Tests\GriffonCMS.Infrastructure.UnitTest\GriffonCMS.Infrastructure.UnitTest.csproj", "{5D3D9C32-17CD-48B8-98AC-EE1EA9986703}"
EndProject
Project("{9A19103F-16F7-4668-BE54-9A1E7A4F7556}") = "GriffonCMS.WebApi.UnitTest", "GriffonCMS\Tests\GriffonCMS.WebApi.UnitTest\GriffonCMS.WebApi.UnitTest.csproj", "{7F8969B0-D17F-41D7-B4E0-824A3CF6F611}"
EndProject
Project("{9A19103F-16F7-4668-BE54-9A1E7A4F7556}") = "GriffonCMS.WebUI.UnitTest", "GriffonCMS\Tests\GriffonCMS.WebUI.UnitTest\GriffonCMS.WebUI.UnitTest.csproj", "{30D71449-9D51-4550-9A19-9C1F85703E88}"
EndProject
Project("{2150E333-8FDC-42A3-9474-1A3956D46DE8}") = "Business", "Business", "{5EE2C3C2-C33A-4B55-BD19-FAA5A03AF80C}"
EndProject
Project("{2150E333-8FDC-42A3-9474-1A3956D46DE8}") = "Tests", "Tests", "{01A1757A-F5F1-4AD0-994A-0E0F2797E7BA}"
EndProject
Project("{2150E333-8FDC-42A3-9474-1A3956D46DE8}") = "Presentation", "Presentation", "{23032E84-1265-4250-A3EA-CF1F1B283940}"
EndProject
Project("{9A19103F-16F7-4668-BE54-9A1E7A4F7556}") = "GriffonCMS.Core", "GriffonCMS\Business\GriffonCMS.Core\GriffonCMS.Core.csproj", "{22306C46-7293-4033-AFCB-2BC5AABD6257}"
EndProject
Project("{2150E333-8FDC-42A3-9474-1A3956D46DE8}") = "GriffonCMS", "GriffonCMS", "{4DE869A7-A900-4720-8636-8B539B52357C}"
EndProject
Project("{FAE04EC0-301F-11D3-BF4B-00C04F79EFBC}") = "WebApi", "WebApi\WebApi.csproj", "{1ADD7219-BC8D-4903-B8F8-44BCDDB2718A}"
EndProject
Global
	GlobalSection(SolutionConfigurationPlatforms) = preSolution
		Debug|Any CPU = Debug|Any CPU
		Release|Any CPU = Release|Any CPU
	EndGlobalSection
	GlobalSection(ProjectConfigurationPlatforms) = postSolution
		{F9C9028B-1B37-4D7E-9455-20C866875548}.Debug|Any CPU.ActiveCfg = Debug|Any CPU
		{F9C9028B-1B37-4D7E-9455-20C866875548}.Debug|Any CPU.Build.0 = Debug|Any CPU
		{F9C9028B-1B37-4D7E-9455-20C866875548}.Release|Any CPU.ActiveCfg = Release|Any CPU
		{F9C9028B-1B37-4D7E-9455-20C866875548}.Release|Any CPU.Build.0 = Release|Any CPU
		{C0A163EF-3EF6-4369-B1D9-8CC418DD8C7A}.Debug|Any CPU.ActiveCfg = Debug|Any CPU
		{C0A163EF-3EF6-4369-B1D9-8CC418DD8C7A}.Debug|Any CPU.Build.0 = Debug|Any CPU
		{C0A163EF-3EF6-4369-B1D9-8CC418DD8C7A}.Release|Any CPU.ActiveCfg = Release|Any CPU
		{C0A163EF-3EF6-4369-B1D9-8CC418DD8C7A}.Release|Any CPU.Build.0 = Release|Any CPU
		{E6B95925-7FFF-4F78-9DBA-9E28B3A5442C}.Debug|Any CPU.ActiveCfg = Debug|Any CPU
		{E6B95925-7FFF-4F78-9DBA-9E28B3A5442C}.Debug|Any CPU.Build.0 = Debug|Any CPU
		{E6B95925-7FFF-4F78-9DBA-9E28B3A5442C}.Release|Any CPU.ActiveCfg = Release|Any CPU
		{E6B95925-7FFF-4F78-9DBA-9E28B3A5442C}.Release|Any CPU.Build.0 = Release|Any CPU
		{C8E84A07-64B6-47ED-9946-2FEB374D3F5A}.Debug|Any CPU.ActiveCfg = Debug|Any CPU
		{C8E84A07-64B6-47ED-9946-2FEB374D3F5A}.Debug|Any CPU.Build.0 = Debug|Any CPU
		{C8E84A07-64B6-47ED-9946-2FEB374D3F5A}.Release|Any CPU.ActiveCfg = Release|Any CPU
		{C8E84A07-64B6-47ED-9946-2FEB374D3F5A}.Release|Any CPU.Build.0 = Release|Any CPU
		{2A4F6FE3-C0B5-49A0-984B-A92CE5E5441B}.Debug|Any CPU.ActiveCfg = Debug|Any CPU
		{2A4F6FE3-C0B5-49A0-984B-A92CE5E5441B}.Debug|Any CPU.Build.0 = Debug|Any CPU
		{2A4F6FE3-C0B5-49A0-984B-A92CE5E5441B}.Release|Any CPU.ActiveCfg = Release|Any CPU
		{2A4F6FE3-C0B5-49A0-984B-A92CE5E5441B}.Release|Any CPU.Build.0 = Release|Any CPU
		{12A37780-1D0C-4546-9F36-06F2BD01E54C}.Debug|Any CPU.ActiveCfg = Debug|Any CPU
		{12A37780-1D0C-4546-9F36-06F2BD01E54C}.Debug|Any CPU.Build.0 = Debug|Any CPU
		{12A37780-1D0C-4546-9F36-06F2BD01E54C}.Release|Any CPU.ActiveCfg = Release|Any CPU
		{12A37780-1D0C-4546-9F36-06F2BD01E54C}.Release|Any CPU.Build.0 = Release|Any CPU
		{5D3D9C32-17CD-48B8-98AC-EE1EA9986703}.Debug|Any CPU.ActiveCfg = Debug|Any CPU
		{5D3D9C32-17CD-48B8-98AC-EE1EA9986703}.Debug|Any CPU.Build.0 = Debug|Any CPU
		{5D3D9C32-17CD-48B8-98AC-EE1EA9986703}.Release|Any CPU.ActiveCfg = Release|Any CPU
		{5D3D9C32-17CD-48B8-98AC-EE1EA9986703}.Release|Any CPU.Build.0 = Release|Any CPU
		{7F8969B0-D17F-41D7-B4E0-824A3CF6F611}.Debug|Any CPU.ActiveCfg = Debug|Any CPU
		{7F8969B0-D17F-41D7-B4E0-824A3CF6F611}.Debug|Any CPU.Build.0 = Debug|Any CPU
		{7F8969B0-D17F-41D7-B4E0-824A3CF6F611}.Release|Any CPU.ActiveCfg = Release|Any CPU
		{7F8969B0-D17F-41D7-B4E0-824A3CF6F611}.Release|Any CPU.Build.0 = Release|Any CPU
		{30D71449-9D51-4550-9A19-9C1F85703E88}.Debug|Any CPU.ActiveCfg = Debug|Any CPU
		{30D71449-9D51-4550-9A19-9C1F85703E88}.Debug|Any CPU.Build.0 = Debug|Any CPU
		{30D71449-9D51-4550-9A19-9C1F85703E88}.Release|Any CPU.ActiveCfg = Release|Any CPU
		{30D71449-9D51-4550-9A19-9C1F85703E88}.Release|Any CPU.Build.0 = Release|Any CPU
		{22306C46-7293-4033-AFCB-2BC5AABD6257}.Debug|Any CPU.ActiveCfg = Debug|Any CPU
		{22306C46-7293-4033-AFCB-2BC5AABD6257}.Debug|Any CPU.Build.0 = Debug|Any CPU
		{22306C46-7293-4033-AFCB-2BC5AABD6257}.Release|Any CPU.ActiveCfg = Release|Any CPU
		{22306C46-7293-4033-AFCB-2BC5AABD6257}.Release|Any CPU.Build.0 = Release|Any CPU
		{1ADD7219-BC8D-4903-B8F8-44BCDDB2718A}.Debug|Any CPU.ActiveCfg = Debug|Any CPU
		{1ADD7219-BC8D-4903-B8F8-44BCDDB2718A}.Debug|Any CPU.Build.0 = Debug|Any CPU
		{1ADD7219-BC8D-4903-B8F8-44BCDDB2718A}.Release|Any CPU.ActiveCfg = Release|Any CPU
		{1ADD7219-BC8D-4903-B8F8-44BCDDB2718A}.Release|Any CPU.Build.0 = Release|Any CPU
	EndGlobalSection
	GlobalSection(SolutionProperties) = preSolution
		HideSolutionNode = FALSE
	EndGlobalSection
	GlobalSection(NestedProjects) = preSolution
		{F9C9028B-1B37-4D7E-9455-20C866875548} = {5EE2C3C2-C33A-4B55-BD19-FAA5A03AF80C}
		{C0A163EF-3EF6-4369-B1D9-8CC418DD8C7A} = {5EE2C3C2-C33A-4B55-BD19-FAA5A03AF80C}
		{E6B95925-7FFF-4F78-9DBA-9E28B3A5442C} = {5EE2C3C2-C33A-4B55-BD19-FAA5A03AF80C}
		{C8E84A07-64B6-47ED-9946-2FEB374D3F5A} = {23032E84-1265-4250-A3EA-CF1F1B283940}
		{2A4F6FE3-C0B5-49A0-984B-A92CE5E5441B} = {01A1757A-F5F1-4AD0-994A-0E0F2797E7BA}
		{12A37780-1D0C-4546-9F36-06F2BD01E54C} = {01A1757A-F5F1-4AD0-994A-0E0F2797E7BA}
		{5D3D9C32-17CD-48B8-98AC-EE1EA9986703} = {01A1757A-F5F1-4AD0-994A-0E0F2797E7BA}
		{7F8969B0-D17F-41D7-B4E0-824A3CF6F611} = {01A1757A-F5F1-4AD0-994A-0E0F2797E7BA}
		{30D71449-9D51-4550-9A19-9C1F85703E88} = {01A1757A-F5F1-4AD0-994A-0E0F2797E7BA}
		{5EE2C3C2-C33A-4B55-BD19-FAA5A03AF80C} = {4DE869A7-A900-4720-8636-8B539B52357C}
		{01A1757A-F5F1-4AD0-994A-0E0F2797E7BA} = {4DE869A7-A900-4720-8636-8B539B52357C}
		{23032E84-1265-4250-A3EA-CF1F1B283940} = {4DE869A7-A900-4720-8636-8B539B52357C}
		{22306C46-7293-4033-AFCB-2BC5AABD6257} = {5EE2C3C2-C33A-4B55-BD19-FAA5A03AF80C}
		{1ADD7219-BC8D-4903-B8F8-44BCDDB2718A} = {23032E84-1265-4250-A3EA-CF1F1B283940}
	EndGlobalSection
	GlobalSection(ExtensibilityGlobals) = postSolution
		SolutionGuid = {F59CEEC5-61D3-4B5F-9588-70E003DB2A7B}
	EndGlobalSection
EndGlobal
